
Microsoft Visual Studio Solution File, Format Version 12.00
# Visual Studio Version 17
VisualStudioVersion = 17.2.32616.157
MinimumVisualStudioVersion = 10.0.40219.1
Project("{FAE04EC0-301F-11D3-BF4B-00C04F79EFBC}") = "cs_console_library", "cs_console_library\cs_console_library.csproj", "{BA65682C-E65C-4C1C-9C6E-F1F2E19EBD5E}"
EndProject
Global
	GlobalSection(SolutionConfigurationPlatforms) = preSolution
		Debug|Any CPU = Debug|Any CPU
		Release|Any CPU = Release|Any CPU
	EndGlobalSection
	GlobalSection(ProjectConfigurationPlatforms) = postSolution
		{BA65682C-E65C-4C1C-9C6E-F1F2E19EBD5E}.Debug|Any CPU.ActiveCfg = Debug|Any CPU
		{BA65682C-E65C-4C1C-9C6E-F1F2E19EBD5E}.Debug|Any CPU.Build.0 = Debug|Any CPU
		{BA65682C-E65C-4C1C-9C6E-F1F2E19EBD5E}.Release|Any CPU.ActiveCfg = Release|Any CPU
		{BA65682C-E65C-4C1C-9C6E-F1F2E19EBD5E}.Release|Any CPU.Build.0 = Release|Any CPU
	EndGlobalSection
	GlobalSection(SolutionProperties) = preSolution
		HideSolutionNode = FALSE
	EndGlobalSection
	GlobalSection(ExtensibilityGlobals) = postSolution
		SolutionGuid = {1D9AAB0A-2713-4CB4-85E5-C821164E4068}
	EndGlobalSection
EndGlobal
